
Microsoft Visual Studio Solution File, Format Version 12.00
Project("{2150E333-8FDC-42A3-9474-1A3956D46DE8}") = "N71", "N71", "{0A9ED466-45F0-4429-BA64-6556B6A92E6F}"
EndProject
Project("{FAE04EC0-301F-11D3-BF4B-00C04F79EFBC}") = "N71-C", "N71-C\N71-C.csproj", "{8D55E901-89E8-4364-B4D3-72F95BC4FF57}"
EndProject
Project("{2150E333-8FDC-42A3-9474-1A3956D46DE8}") = "N74", "N74", "{27232715-141D-4BCB-B707-276D3A8085AC}"
EndProject
Project("{FAE04EC0-301F-11D3-BF4B-00C04F79EFBC}") = "N74-C", "N74-C\N74-C.csproj", "{4E7768E7-AE35-48C5-92AC-4A7F4FDC10C7}"
EndProject
Project("{2150E333-8FDC-42A3-9474-1A3956D46DE8}") = "N75", "N75", "{8140212E-FD8F-4296-9C16-E50258D6A10E}"
EndProject
Project("{FAE04EC0-301F-11D3-BF4B-00C04F79EFBC}") = "N75-C", "N75-C\N75-C.csproj", "{C1E90536-8C28-44F4-AD19-8182C7CE4FCE}"
EndProject
Global
	GlobalSection(SolutionConfigurationPlatforms) = preSolution
		Debug|Any CPU = Debug|Any CPU
		Release|Any CPU = Release|Any CPU
	EndGlobalSection
	GlobalSection(NestedProjects) = preSolution
		{8D55E901-89E8-4364-B4D3-72F95BC4FF57} = {0A9ED466-45F0-4429-BA64-6556B6A92E6F}
		{4E7768E7-AE35-48C5-92AC-4A7F4FDC10C7} = {27232715-141D-4BCB-B707-276D3A8085AC}
		{C1E90536-8C28-44F4-AD19-8182C7CE4FCE} = {8140212E-FD8F-4296-9C16-E50258D6A10E}
	EndGlobalSection
	GlobalSection(ProjectConfigurationPlatforms) = postSolution
		{8D55E901-89E8-4364-B4D3-72F95BC4FF57}.Debug|Any CPU.ActiveCfg = Debug|Any CPU
		{8D55E901-89E8-4364-B4D3-72F95BC4FF57}.Debug|Any CPU.Build.0 = Debug|Any CPU
		{8D55E901-89E8-4364-B4D3-72F95BC4FF57}.Release|Any CPU.ActiveCfg = Release|Any CPU
		{8D55E901-89E8-4364-B4D3-72F95BC4FF57}.Release|Any CPU.Build.0 = Release|Any CPU
		{4E7768E7-AE35-48C5-92AC-4A7F4FDC10C7}.Debug|Any CPU.ActiveCfg = Debug|Any CPU
		{4E7768E7-AE35-48C5-92AC-4A7F4FDC10C7}.Debug|Any CPU.Build.0 = Debug|Any CPU
		{4E7768E7-AE35-48C5-92AC-4A7F4FDC10C7}.Release|Any CPU.ActiveCfg = Release|Any CPU
		{4E7768E7-AE35-48C5-92AC-4A7F4FDC10C7}.Release|Any CPU.Build.0 = Release|Any CPU
		{C1E90536-8C28-44F4-AD19-8182C7CE4FCE}.Debug|Any CPU.ActiveCfg = Debug|Any CPU
		{C1E90536-8C28-44F4-AD19-8182C7CE4FCE}.Debug|Any CPU.Build.0 = Debug|Any CPU
		{C1E90536-8C28-44F4-AD19-8182C7CE4FCE}.Release|Any CPU.ActiveCfg = Release|Any CPU
		{C1E90536-8C28-44F4-AD19-8182C7CE4FCE}.Release|Any CPU.Build.0 = Release|Any CPU
	EndGlobalSection
EndGlobal
