
Microsoft Visual Studio Solution File, Format Version 12.00
Project("{2150E333-8FDC-42A3-9474-1A3956D46DE8}") = "N71", "N71", "{0A9ED466-45F0-4429-BA64-6556B6A92E6F}"
EndProject
Project("{FAE04EC0-301F-11D3-BF4B-00C04F79EFBC}") = "N71-C", "N71-C\N71-C.csproj", "{8D55E901-89E8-4364-B4D3-72F95BC4FF57}"
EndProject
Project("{2150E333-8FDC-42A3-9474-1A3956D46DE8}") = "N74", "N74", "{27232715-141D-4BCB-B707-276D3A8085AC}"
EndProject
Project("{FAE04EC0-301F-11D3-BF4B-00C04F79EFBC}") = "N74-C", "N74-C\N74-C.csproj", "{4E7768E7-AE35-48C5-92AC-4A7F4FDC10C7}"
EndProject
Project("{2150E333-8FDC-42A3-9474-1A3956D46DE8}") = "N75", "N75", "{8140212E-FD8F-4296-9C16-E50258D6A10E}"
EndProject
Project("{FAE04EC0-301F-11D3-BF4B-00C04F79EFBC}") = "N75-C", "N75-C\N75-C.csproj", "{C1E90536-8C28-44F4-AD19-8182C7CE4FCE}"
EndProject
Project("{2150E333-8FDC-42A3-9474-1A3956D46DE8}") = "N76", "N76", "{D70F0D51-3A0E-48FA-A6B2-8BE466E1E308}"
EndProject
Project("{2150E333-8FDC-42A3-9474-1A3956D46DE8}") = "N77", "N77", "{2421A0C0-C409-4A19-B26F-BB4454095A6D}"
EndProject
Project("{FAE04EC0-301F-11D3-BF4B-00C04F79EFBC}") = "time abstraction", "time abstraction\time abstraction.csproj", "{4306F80C-95BF-4E79-AC2F-9476CA5314B0}"
EndProject
Project("{FAE04EC0-301F-11D3-BF4B-00C04F79EFBC}") = "N77-Benchmark", "N77-Benchmark\N77-Benchmark.csproj", "{E72950BA-B942-4CE8-BC50-B9D54B318C43}"
EndProject
Project("{2150E333-8FDC-42A3-9474-1A3956D46DE8}") = "N88", "N88", "{1D65A289-BB74-4950-9AE0-9A26CFC4AC6D}"
EndProject
Project("{FAE04EC0-301F-11D3-BF4B-00C04F79EFBC}") = "N88.Worker.Producer", "N88.Worker.Producer\N88.Worker.Producer.csproj", "{CAB07FBC-621B-48BA-8C74-849B41BD0B51}"
EndProject
Project("{FAE04EC0-301F-11D3-BF4B-00C04F79EFBC}") = "N88.Worker.Consumer", "N88.Worker.Consumer\N88.Worker.Consumer.csproj", "{19548FFA-9E3A-4099-8837-65B8CCC20DFF}"
EndProject
Project("{FAE04EC0-301F-11D3-BF4B-00C04F79EFBC}") = "N88.Common", "N88.Common\N88.Common.csproj", "{B63E1604-95A3-419F-A7C4-F33CC6D116FD}"
EndProject
Project("{FAE04EC0-301F-11D3-BF4B-00C04F79EFBC}") = "N88.Worker.Publisher", "N88.Worker.Publisher\N88.Worker.Publisher.csproj", "{D2F81B6D-7587-45F0-82CB-F2596A6D0D2A}"
EndProject
Project("{FAE04EC0-301F-11D3-BF4B-00C04F79EFBC}") = "N88.Worker.Subscriber", "N88.Worker.Subscriber\N88.Worker.Subscriber.csproj", "{DFEBC82F-EA68-4451-8417-DE70A6A123C4}"
EndProject
Project("{2150E333-8FDC-42A3-9474-1A3956D46DE8}") = "N89", "N89", "{661DBBF7-BD6F-4E22-805C-B8FC065E5B29}"
EndProject
Project("{FAE04EC0-301F-11D3-BF4B-00C04F79EFBC}") = "LocalIdentity.SimpleInfra.Api", "LocalIdentity.SimpleInfra.Api\LocalIdentity.SimpleInfra.Api.csproj", "{64EB306D-CA4D-4E05-A014-29DB8408ED91}"
EndProject
Project("{FAE04EC0-301F-11D3-BF4B-00C04F79EFBC}") = "LocalIdentity.SimpleInfra.Application", "LocalIdentity.SimpleInfra.Application\LocalIdentity.SimpleInfra.Application.csproj", "{A92AB161-9153-4FA4-B840-FE5272492205}"
EndProject
Project("{FAE04EC0-301F-11D3-BF4B-00C04F79EFBC}") = "LocalIdentity.SimpleInfra.Domain", "LocalIdentity.SimpleInfra.Domain\LocalIdentity.SimpleInfra.Domain.csproj", "{D322B3C7-31C2-407D-83B7-39010A622628}"
EndProject
Project("{FAE04EC0-301F-11D3-BF4B-00C04F79EFBC}") = "LocalIdentity.SimpleInfra.Infrastructure", "LocalIdentity.SimpleInfra.Infrastructure\LocalIdentity.SimpleInfra.Infrastructure.csproj", "{9F06C7A0-1ADF-4933-85A4-E5A91A3EA223}"
EndProject
Project("{FAE04EC0-301F-11D3-BF4B-00C04F79EFBC}") = "LocalIdentity.SimpleInfra.Persistence", "LocalIdentity.SimpleInfra.Persistence\LocalIdentity.SimpleInfra.Persistence.csproj", "{C8ECF50F-A1C5-4A56-BD90-8D516AD1A86E}"
EndProject
Global
	GlobalSection(SolutionConfigurationPlatforms) = preSolution
		Debug|Any CPU = Debug|Any CPU
		Release|Any CPU = Release|Any CPU
	EndGlobalSection
	GlobalSection(NestedProjects) = preSolution
		{8D55E901-89E8-4364-B4D3-72F95BC4FF57} = {0A9ED466-45F0-4429-BA64-6556B6A92E6F}
		{4E7768E7-AE35-48C5-92AC-4A7F4FDC10C7} = {27232715-141D-4BCB-B707-276D3A8085AC}
		{C1E90536-8C28-44F4-AD19-8182C7CE4FCE} = {8140212E-FD8F-4296-9C16-E50258D6A10E}
		{4306F80C-95BF-4E79-AC2F-9476CA5314B0} = {2421A0C0-C409-4A19-B26F-BB4454095A6D}
		{E72950BA-B942-4CE8-BC50-B9D54B318C43} = {2421A0C0-C409-4A19-B26F-BB4454095A6D}
		{CAB07FBC-621B-48BA-8C74-849B41BD0B51} = {1D65A289-BB74-4950-9AE0-9A26CFC4AC6D}
		{19548FFA-9E3A-4099-8837-65B8CCC20DFF} = {1D65A289-BB74-4950-9AE0-9A26CFC4AC6D}
		{B63E1604-95A3-419F-A7C4-F33CC6D116FD} = {1D65A289-BB74-4950-9AE0-9A26CFC4AC6D}
		{D2F81B6D-7587-45F0-82CB-F2596A6D0D2A} = {1D65A289-BB74-4950-9AE0-9A26CFC4AC6D}
		{DFEBC82F-EA68-4451-8417-DE70A6A123C4} = {1D65A289-BB74-4950-9AE0-9A26CFC4AC6D}
		{64EB306D-CA4D-4E05-A014-29DB8408ED91} = {661DBBF7-BD6F-4E22-805C-B8FC065E5B29}
		{A92AB161-9153-4FA4-B840-FE5272492205} = {661DBBF7-BD6F-4E22-805C-B8FC065E5B29}
		{D322B3C7-31C2-407D-83B7-39010A622628} = {661DBBF7-BD6F-4E22-805C-B8FC065E5B29}
		{9F06C7A0-1ADF-4933-85A4-E5A91A3EA223} = {661DBBF7-BD6F-4E22-805C-B8FC065E5B29}
		{C8ECF50F-A1C5-4A56-BD90-8D516AD1A86E} = {661DBBF7-BD6F-4E22-805C-B8FC065E5B29}
	EndGlobalSection
	GlobalSection(ProjectConfigurationPlatforms) = postSolution
		{8D55E901-89E8-4364-B4D3-72F95BC4FF57}.Debug|Any CPU.ActiveCfg = Debug|Any CPU
		{8D55E901-89E8-4364-B4D3-72F95BC4FF57}.Debug|Any CPU.Build.0 = Debug|Any CPU
		{8D55E901-89E8-4364-B4D3-72F95BC4FF57}.Release|Any CPU.ActiveCfg = Release|Any CPU
		{8D55E901-89E8-4364-B4D3-72F95BC4FF57}.Release|Any CPU.Build.0 = Release|Any CPU
		{4E7768E7-AE35-48C5-92AC-4A7F4FDC10C7}.Debug|Any CPU.ActiveCfg = Debug|Any CPU
		{4E7768E7-AE35-48C5-92AC-4A7F4FDC10C7}.Debug|Any CPU.Build.0 = Debug|Any CPU
		{4E7768E7-AE35-48C5-92AC-4A7F4FDC10C7}.Release|Any CPU.ActiveCfg = Release|Any CPU
		{4E7768E7-AE35-48C5-92AC-4A7F4FDC10C7}.Release|Any CPU.Build.0 = Release|Any CPU
		{C1E90536-8C28-44F4-AD19-8182C7CE4FCE}.Debug|Any CPU.ActiveCfg = Debug|Any CPU
		{C1E90536-8C28-44F4-AD19-8182C7CE4FCE}.Debug|Any CPU.Build.0 = Debug|Any CPU
		{C1E90536-8C28-44F4-AD19-8182C7CE4FCE}.Release|Any CPU.ActiveCfg = Release|Any CPU
		{C1E90536-8C28-44F4-AD19-8182C7CE4FCE}.Release|Any CPU.Build.0 = Release|Any CPU
		{4306F80C-95BF-4E79-AC2F-9476CA5314B0}.Debug|Any CPU.ActiveCfg = Debug|Any CPU
		{4306F80C-95BF-4E79-AC2F-9476CA5314B0}.Debug|Any CPU.Build.0 = Debug|Any CPU
		{4306F80C-95BF-4E79-AC2F-9476CA5314B0}.Release|Any CPU.ActiveCfg = Release|Any CPU
		{4306F80C-95BF-4E79-AC2F-9476CA5314B0}.Release|Any CPU.Build.0 = Release|Any CPU
		{E72950BA-B942-4CE8-BC50-B9D54B318C43}.Debug|Any CPU.ActiveCfg = Debug|Any CPU
		{E72950BA-B942-4CE8-BC50-B9D54B318C43}.Debug|Any CPU.Build.0 = Debug|Any CPU
		{E72950BA-B942-4CE8-BC50-B9D54B318C43}.Release|Any CPU.ActiveCfg = Release|Any CPU
		{E72950BA-B942-4CE8-BC50-B9D54B318C43}.Release|Any CPU.Build.0 = Release|Any CPU
		{CAB07FBC-621B-48BA-8C74-849B41BD0B51}.Debug|Any CPU.ActiveCfg = Debug|Any CPU
		{CAB07FBC-621B-48BA-8C74-849B41BD0B51}.Debug|Any CPU.Build.0 = Debug|Any CPU
		{CAB07FBC-621B-48BA-8C74-849B41BD0B51}.Release|Any CPU.ActiveCfg = Release|Any CPU
		{CAB07FBC-621B-48BA-8C74-849B41BD0B51}.Release|Any CPU.Build.0 = Release|Any CPU
		{19548FFA-9E3A-4099-8837-65B8CCC20DFF}.Debug|Any CPU.ActiveCfg = Debug|Any CPU
		{19548FFA-9E3A-4099-8837-65B8CCC20DFF}.Debug|Any CPU.Build.0 = Debug|Any CPU
		{19548FFA-9E3A-4099-8837-65B8CCC20DFF}.Release|Any CPU.ActiveCfg = Release|Any CPU
		{19548FFA-9E3A-4099-8837-65B8CCC20DFF}.Release|Any CPU.Build.0 = Release|Any CPU
		{B63E1604-95A3-419F-A7C4-F33CC6D116FD}.Debug|Any CPU.ActiveCfg = Debug|Any CPU
		{B63E1604-95A3-419F-A7C4-F33CC6D116FD}.Debug|Any CPU.Build.0 = Debug|Any CPU
		{B63E1604-95A3-419F-A7C4-F33CC6D116FD}.Release|Any CPU.ActiveCfg = Release|Any CPU
		{B63E1604-95A3-419F-A7C4-F33CC6D116FD}.Release|Any CPU.Build.0 = Release|Any CPU
		{D2F81B6D-7587-45F0-82CB-F2596A6D0D2A}.Debug|Any CPU.ActiveCfg = Debug|Any CPU
		{D2F81B6D-7587-45F0-82CB-F2596A6D0D2A}.Debug|Any CPU.Build.0 = Debug|Any CPU
		{D2F81B6D-7587-45F0-82CB-F2596A6D0D2A}.Release|Any CPU.ActiveCfg = Release|Any CPU
		{D2F81B6D-7587-45F0-82CB-F2596A6D0D2A}.Release|Any CPU.Build.0 = Release|Any CPU
		{DFEBC82F-EA68-4451-8417-DE70A6A123C4}.Debug|Any CPU.ActiveCfg = Debug|Any CPU
		{DFEBC82F-EA68-4451-8417-DE70A6A123C4}.Debug|Any CPU.Build.0 = Debug|Any CPU
		{DFEBC82F-EA68-4451-8417-DE70A6A123C4}.Release|Any CPU.ActiveCfg = Release|Any CPU
		{DFEBC82F-EA68-4451-8417-DE70A6A123C4}.Release|Any CPU.Build.0 = Release|Any CPU
		{64EB306D-CA4D-4E05-A014-29DB8408ED91}.Debug|Any CPU.ActiveCfg = Debug|Any CPU
		{64EB306D-CA4D-4E05-A014-29DB8408ED91}.Debug|Any CPU.Build.0 = Debug|Any CPU
		{64EB306D-CA4D-4E05-A014-29DB8408ED91}.Release|Any CPU.ActiveCfg = Release|Any CPU
		{64EB306D-CA4D-4E05-A014-29DB8408ED91}.Release|Any CPU.Build.0 = Release|Any CPU
		{A92AB161-9153-4FA4-B840-FE5272492205}.Debug|Any CPU.ActiveCfg = Debug|Any CPU
		{A92AB161-9153-4FA4-B840-FE5272492205}.Debug|Any CPU.Build.0 = Debug|Any CPU
		{A92AB161-9153-4FA4-B840-FE5272492205}.Release|Any CPU.ActiveCfg = Release|Any CPU
		{A92AB161-9153-4FA4-B840-FE5272492205}.Release|Any CPU.Build.0 = Release|Any CPU
		{D322B3C7-31C2-407D-83B7-39010A622628}.Debug|Any CPU.ActiveCfg = Debug|Any CPU
		{D322B3C7-31C2-407D-83B7-39010A622628}.Debug|Any CPU.Build.0 = Debug|Any CPU
		{D322B3C7-31C2-407D-83B7-39010A622628}.Release|Any CPU.ActiveCfg = Release|Any CPU
		{D322B3C7-31C2-407D-83B7-39010A622628}.Release|Any CPU.Build.0 = Release|Any CPU
		{9F06C7A0-1ADF-4933-85A4-E5A91A3EA223}.Debug|Any CPU.ActiveCfg = Debug|Any CPU
		{9F06C7A0-1ADF-4933-85A4-E5A91A3EA223}.Debug|Any CPU.Build.0 = Debug|Any CPU
		{9F06C7A0-1ADF-4933-85A4-E5A91A3EA223}.Release|Any CPU.ActiveCfg = Release|Any CPU
		{9F06C7A0-1ADF-4933-85A4-E5A91A3EA223}.Release|Any CPU.Build.0 = Release|Any CPU
		{C8ECF50F-A1C5-4A56-BD90-8D516AD1A86E}.Debug|Any CPU.ActiveCfg = Debug|Any CPU
		{C8ECF50F-A1C5-4A56-BD90-8D516AD1A86E}.Debug|Any CPU.Build.0 = Debug|Any CPU
		{C8ECF50F-A1C5-4A56-BD90-8D516AD1A86E}.Release|Any CPU.ActiveCfg = Release|Any CPU
		{C8ECF50F-A1C5-4A56-BD90-8D516AD1A86E}.Release|Any CPU.Build.0 = Release|Any CPU
	EndGlobalSection
EndGlobal
